
Microsoft Visual Studio Solution File, Format Version 12.00
Project("{FAE04EC0-301F-11D3-BF4B-00C04F79EFBC}") = "ArangoDriver", "ArangoDriver.csproj", "{DCAABC53-1CFD-45FC-AB08-4AF864C76864}"
EndProject
Global
	GlobalSection(SolutionConfigurationPlatforms) = preSolution
		Debug|Any CPU = Debug|Any CPU
		Release|Any CPU = Release|Any CPU
	EndGlobalSection
	GlobalSection(ProjectConfigurationPlatforms) = postSolution
		{DCAABC53-1CFD-45FC-AB08-4AF864C76864}.Debug|Any CPU.ActiveCfg = Debug|Any CPU
		{DCAABC53-1CFD-45FC-AB08-4AF864C76864}.Debug|Any CPU.Build.0 = Debug|Any CPU
		{DCAABC53-1CFD-45FC-AB08-4AF864C76864}.Release|Any CPU.ActiveCfg = Release|Any CPU
		{DCAABC53-1CFD-45FC-AB08-4AF864C76864}.Release|Any CPU.Build.0 = Release|Any CPU
	EndGlobalSection
EndGlobal
